{
  "name": "5.2",
  "lockfileVersion": 3,
  "requires": true,
  "packages": {
    "": {
      "dependencies": {
        "types-registry": "^0.1.684"
      },
      "devDependencies": {
        "@types/aos": "^3.0.7",
        "@types/bcrypt": "^5.0.2",
        "@types/body-parser": "^1.19.5",
        "@types/bootstrap": "^5.2.10",
        "@types/cors": "^2.8.17",
        "@types/express": "^4.17.21",
        "@types/feather-icons": "^4.29.4",
        "@types/js-cookie": "^3.0.6",
        "@types/jsonwebtoken": "^9.0.6",
        "@types/jws": "^3.2.9",
        "@types/lodash.includes": "^4.3.9",
        "@types/lodash.isboolean": "^3.0.9",
        "@types/lodash.isinteger": "^4.0.9",
        "@types/lodash.isnumber": "^3.0.9",
        "@types/lodash.isplainobject": "^4.0.9",
        "@types/lodash.isstring": "^4.0.9",
        "@types/lodash.once": "^4.1.9",
        "@types/mysql": "^2.15.26",
        "@types/node": "^20.11.4",
        "@types/nodemon": "^1.19.6",
        "@types/nopt": "^3.0.32",
        "@types/npmlog": "^7.0.0",
        "@types/object-assign": "^4.0.33",
        "@types/react": "^18.2.74",
        "@types/react-bootstrap": "^0.32.35",
        "@types/react-dom": "^18.2.23",
        "@types/react-syntax-highlighter": "^15.5.11",
        "@types/vary": "^1.1.3"
      }
    },
    "node_modules/@popperjs/core": {
      "version": "2.11.8",
      "resolved": "https://registry.npmjs.org/@popperjs/core/-/core-2.11.8.tgz",
      "integrity": "sha512-P1st0aksCrn9sGZhp8GMYwBnQsbvAWsZAX44oXNNvLHGqAOcoVxmjZiohstwQ7SqKnbR47akdNi+uleWD8+g6A==",
      "dev": true,
      "funding": {
        "type": "opencollective",
        "url": "https://opencollective.com/popperjs"
      }
    },
    "node_modules/@types/aos": {
      "version": "3.0.7",
      "resolved": "https://registry.npmjs.org/@types/aos/-/aos-3.0.7.tgz",
      "integrity": "sha512-sEhyFqvKauUJZDbvAB3Pggynrq6g+2PS4XB3tmUr+mDL1gfDJnwslUC4QQ7/l8UD+LWpr3RxZVR/rHoZrLqZVg==",
      "dev": true
    },
    "node_modules/@types/bcrypt": {
      "version": "5.0.2",
      "resolved": "https://registry.npmjs.org/@types/bcrypt/-/bcrypt-5.0.2.tgz",
      "integrity": "sha512-6atioO8Y75fNcbmj0G7UjI9lXN2pQ/IGJ2FWT4a/btd0Lk9lQalHLKhkgKVZ3r+spnmWUKfbMi1GEe9wyHQfNQ==",
      "dev": true,
      "dependencies": {
        "@types/node": "*"
      }
    },
    "node_modules/@types/body-parser": {
      "version": "1.19.5",
      "resolved": "https://registry.npmjs.org/@types/body-parser/-/body-parser-1.19.5.tgz",
      "integrity": "sha512-fB3Zu92ucau0iQ0JMCFQE7b/dv8Ot07NI3KaZIkIUNXq82k4eBAqUaneXfleGY9JWskeS9y+u0nXMyspcuQrCg==",
      "dev": true,
      "dependencies": {
        "@types/connect": "*",
        "@types/node": "*"
      }
    },
    "node_modules/@types/bootstrap": {
      "version": "5.2.10",
      "resolved": "https://registry.npmjs.org/@types/bootstrap/-/bootstrap-5.2.10.tgz",
      "integrity": "sha512-F2X+cd6551tep0MvVZ6nM8v7XgGN/twpdNDjqS1TUM7YFNEtQYWk+dKAnH+T1gr6QgCoGMPl487xw/9hXooa2g==",
      "dev": true,
      "dependencies": {
        "@popperjs/core": "^2.9.2"
      }
    },
    "node_modules/@types/connect": {
      "version": "3.4.38",
      "resolved": "https://registry.npmjs.org/@types/connect/-/connect-3.4.38.tgz",
      "integrity": "sha512-K6uROf1LD88uDQqJCktA4yzL1YYAK6NgfsI0v/mTgyPKWsX1CnJ0XPSDhViejru1GcRkLWb8RlzFYJRqGUbaug==",
      "dev": true,
      "dependencies": {
        "@types/node": "*"
      }
    },
    "node_modules/@types/cors": {
      "version": "2.8.17",
      "resolved": "https://registry.npmjs.org/@types/cors/-/cors-2.8.17.tgz",
      "integrity": "sha512-8CGDvrBj1zgo2qE+oS3pOCyYNqCPryMWY2bGfwA0dcfopWGgxs+78df0Rs3rc9THP4JkOhLsAa+15VdpAqkcUA==",
      "dev": true,
      "dependencies": {
        "@types/node": "*"
      }
    },
    "node_modules/@types/express": {
      "version": "4.17.21",
      "resolved": "https://registry.npmjs.org/@types/express/-/express-4.17.21.tgz",
      "integrity": "sha512-ejlPM315qwLpaQlQDTjPdsUFSc6ZsP4AN6AlWnogPjQ7CVi7PYF3YVz+CY3jE2pwYf7E/7HlDAN0rV2GxTG0HQ==",
      "dev": true,
      "dependencies": {
        "@types/body-parser": "*",
        "@types/express-serve-static-core": "^4.17.33",
        "@types/qs": "*",
        "@types/serve-static": "*"
      }
    },
    "node_modules/@types/express-serve-static-core": {
      "version": "4.17.43",
      "resolved": "https://registry.npmjs.org/@types/express-serve-static-core/-/express-serve-static-core-4.17.43.tgz",
      "integrity": "sha512-oaYtiBirUOPQGSWNGPWnzyAFJ0BP3cwvN4oWZQY+zUBwpVIGsKUkpBpSztp74drYcjavs7SKFZ4DX1V2QeN8rg==",
      "dev": true,
      "dependencies": {
        "@types/node": "*",
        "@types/qs": "*",
        "@types/range-parser": "*",
        "@types/send": "*"
      }
    },
    "node_modules/@types/feather-icons": {
      "version": "4.29.4",
      "resolved": "https://registry.npmjs.org/@types/feather-icons/-/feather-icons-4.29.4.tgz",
      "integrity": "sha512-cvwI455PWx/gJ33XDTIZOdauRy+XCxZggkOT/tAQYZLdySPFATD4RnDC9mxOnCIEaK9kwPm3zZigkAsMkhXb5w==",
      "dev": true
    },
    "node_modules/@types/http-errors": {
      "version": "2.0.4",
      "resolved": "https://registry.npmjs.org/@types/http-errors/-/http-errors-2.0.4.tgz",
      "integrity": "sha512-D0CFMMtydbJAegzOyHjtiKPLlvnm3iTZyZRSZoLq2mRhDdmLfIWOCYPfQJ4cu2erKghU++QvjcUjp/5h7hESpA==",
      "dev": true
    },
    "node_modules/@types/js-cookie": {
      "version": "3.0.6",
      "resolved": "https://registry.npmjs.org/@types/js-cookie/-/js-cookie-3.0.6.tgz",
      "integrity": "sha512-wkw9yd1kEXOPnvEeEV1Go1MmxtBJL0RR79aOTAApecWFVu7w0NNXNqhcWgvw2YgZDYadliXkl14pa3WXw5jlCQ==",
      "dev": true
    },
    "node_modules/@types/jsonwebtoken": {
      "version": "9.0.6",
      "resolved": "https://registry.npmjs.org/@types/jsonwebtoken/-/jsonwebtoken-9.0.6.tgz",
      "integrity": "sha512-/5hndP5dCjloafCXns6SZyESp3Ldq7YjH3zwzwczYnjxIT0Fqzk5ROSYVGfFyczIue7IUEj8hkvLbPoLQ18vQw==",
      "dev": true,
      "dependencies": {
        "@types/node": "*"
      }
    },
    "node_modules/@types/jws": {
      "version": "3.2.9",
      "resolved": "https://registry.npmjs.org/@types/jws/-/jws-3.2.9.tgz",
      "integrity": "sha512-xAqC7PI7QSBY3fXV1f2pbcdbBFoR4dF8+lH2z6MfZQVcGe14twYVfjzJ3CHhLS1NHxE+DnjUR5xaHu2/U9GGaQ==",
      "dev": true,
      "dependencies": {
        "@types/node": "*"
      }
    },
    "node_modules/@types/lodash": {
      "version": "4.17.0",
      "resolved": "https://registry.npmjs.org/@types/lodash/-/lodash-4.17.0.tgz",
      "integrity": "sha512-t7dhREVv6dbNj0q17X12j7yDG4bD/DHYX7o5/DbDxobP0HnGPgpRz2Ej77aL7TZT3DSw13fqUTj8J4mMnqa7WA==",
      "dev": true
    },
    "node_modules/@types/lodash.includes": {
      "version": "4.3.9",
      "resolved": "https://registry.npmjs.org/@types/lodash.includes/-/lodash.includes-4.3.9.tgz",
      "integrity": "sha512-7C8iSjgrmEb2O1FDIjGELp8vsaK0LI+PpkaG/wS+j7AXUYJEX2/KSLYZFBsrSnET5atv9wUHBHn9WQv0FcIjLA==",
      "dev": true,
      "dependencies": {
        "@types/lodash": "*"
      }
    },
    "node_modules/@types/lodash.isboolean": {
      "version": "3.0.9",
      "resolved": "https://registry.npmjs.org/@types/lodash.isboolean/-/lodash.isboolean-3.0.9.tgz",
      "integrity": "sha512-7hl4ugsNFdRMKa9ORc46F4f10xJtQ1kMFI20IymakKEOzY5T4Xq5UBz+th3B9BpFuKmgSYGB725HscoqHAmPNQ==",
      "dev": true,
      "dependencies": {
        "@types/lodash": "*"
      }
    },
    "node_modules/@types/lodash.isinteger": {
      "version": "4.0.9",
      "resolved": "https://registry.npmjs.org/@types/lodash.isinteger/-/lodash.isinteger-4.0.9.tgz",
      "integrity": "sha512-UdOTg2SaocDAJccKnWPnLnmDok5WwqSivn71XsHphENLMYVOB9oi9PQejfM4SWn7/cWgMcSXkg/TUu726Fn2Xw==",
      "dev": true,
      "dependencies": {
        "@types/lodash": "*"
      }
    },
    "node_modules/@types/lodash.isnumber": {
      "version": "3.0.9",
      "resolved": "https://registry.npmjs.org/@types/lodash.isnumber/-/lodash.isnumber-3.0.9.tgz",
      "integrity": "sha512-hAACPcK8mOZwe1kKoMLC0mM/EA+W5H36amfPsLTA4bWnL4rdKJsQ5pbUnVkcbnq/n4ibtNfHum7oLJFQlay/xA==",
      "dev": true,
      "dependencies": {
        "@types/lodash": "*"
      }
    },
    "node_modules/@types/lodash.isplainobject": {
      "version": "4.0.9",
      "resolved": "https://registry.npmjs.org/@types/lodash.isplainobject/-/lodash.isplainobject-4.0.9.tgz",
      "integrity": "sha512-QC8nKcap5hRrbtIaPRjUMlcXXnLeayqQZPSaWJDx3xeuN17+2PW5wkmEJ4+lZgNnQRlSPzxjTYKCfV1uTnPaEg==",
      "dev": true,
      "dependencies": {
        "@types/lodash": "*"
      }
    },
    "node_modules/@types/lodash.isstring": {
      "version": "4.0.9",
      "resolved": "https://registry.npmjs.org/@types/lodash.isstring/-/lodash.isstring-4.0.9.tgz",
      "integrity": "sha512-sjGPpa15VBpMns/4s6Blm567JgxLVVu/eCYCe7h/TdQyPCz9lIhaLSISjN7ZC9cDXmUT2IM/4mNRw8OtYirziw==",
      "dev": true,
      "dependencies": {
        "@types/lodash": "*"
      }
    },
    "node_modules/@types/lodash.once": {
      "version": "4.1.9",
      "resolved": "https://registry.npmjs.org/@types/lodash.once/-/lodash.once-4.1.9.tgz",
      "integrity": "sha512-nvZ7GYfyZB6CUmXL+7HSXg53rFpc49FsKuRmMiCIGhgJB/yyTip8uHk4mxGyVJOl87dXPlf3qy42WsjOcIrnmg==",
      "dev": true,
      "dependencies": {
        "@types/lodash": "*"
      }
    },
    "node_modules/@types/mime": {
      "version": "1.3.5",
      "resolved": "https://registry.npmjs.org/@types/mime/-/mime-1.3.5.tgz",
      "integrity": "sha512-/pyBZWSLD2n0dcHE3hq8s8ZvcETHtEuF+3E7XVt0Ig2nvsVQXdghHVcEkIWjy9A0wKfTn97a/PSDYohKIlnP/w==",
      "dev": true
    },
    "node_modules/@types/mysql": {
      "version": "2.15.26",
      "resolved": "https://registry.npmjs.org/@types/mysql/-/mysql-2.15.26.tgz",
      "integrity": "sha512-DSLCOXhkvfS5WNNPbfn2KdICAmk8lLc+/PNvnPnF7gOdMZCxopXduqv0OQ13y/yA/zXTSikZZqVgybUxOEg6YQ==",
      "dev": true,
      "dependencies": {
        "@types/node": "*"
      }
    },
    "node_modules/@types/node": {
      "version": "20.11.4",
      "resolved": "https://registry.npmjs.org/@types/node/-/node-20.11.4.tgz",
      "integrity": "sha512-6I0fMH8Aoy2lOejL3s4LhyIYX34DPwY8bl5xlNjBvUEk8OHrcuzsFt+Ied4LvJihbtXPM+8zUqdydfIti86v9g==",
      "dev": true,
      "dependencies": {
        "undici-types": "~5.26.4"
      }
    },
    "node_modules/@types/nodemon": {
      "version": "1.19.6",
      "resolved": "https://registry.npmjs.org/@types/nodemon/-/nodemon-1.19.6.tgz",
      "integrity": "sha512-vjKuaQOLUA5EY2zkUmWG1ipXbKt9Wd+H/0SiIuHVeH4cHtt6509iRUGH9ZR0iqgUrtj3BrP9KqoTuV3ZCbQcYA==",
      "dev": true,
      "dependencies": {
        "@types/node": "*"
      }
    },
    "node_modules/@types/nopt": {
      "version": "3.0.32",
      "resolved": "https://registry.npmjs.org/@types/nopt/-/nopt-3.0.32.tgz",
      "integrity": "sha512-UP8QR0GaR8AE3l4wDmyCx4lEkX5o/1YVeDBqb1UqmfHefZqFNedQLTsobfzw56CvlXVVbt6kAwJJbN1yDTp16Q==",
      "dev": true
    },
    "node_modules/@types/npmlog": {
      "version": "7.0.0",
      "resolved": "https://registry.npmjs.org/@types/npmlog/-/npmlog-7.0.0.tgz",
      "integrity": "sha512-hJWbrKFvxKyWwSUXjZMYTINsSOY6IclhvGOZ97M8ac2tmR9hMwmTnYaMdpGhvju9ctWLTPhCS+eLfQNluiEjQQ==",
      "dev": true,
      "dependencies": {
        "@types/node": "*"
      }
    },
    "node_modules/@types/object-assign": {
      "version": "4.0.33",
      "resolved": "https://registry.npmjs.org/@types/object-assign/-/object-assign-4.0.33.tgz",
      "integrity": "sha512-HeuamLPmpVPuJU/oY7z/YGAezy4HFy6mhvzwupi9Xc8n0FKY8tR1/U3AKaOn/I5Mb4dvbw2szSYcXi84eW07TQ==",
      "dev": true
    },
    "node_modules/@types/prop-types": {
      "version": "15.7.11",
      "resolved": "https://registry.npmjs.org/@types/prop-types/-/prop-types-15.7.11.tgz",
      "integrity": "sha512-ga8y9v9uyeiLdpKddhxYQkxNDrfvuPrlFb0N1qnZZByvcElJaXthF1UhvCh9TLWJBEHeNtdnbysW7Y6Uq8CVng==",
      "dev": true
    },
    "node_modules/@types/qs": {
      "version": "6.9.14",
      "resolved": "https://registry.npmjs.org/@types/qs/-/qs-6.9.14.tgz",
      "integrity": "sha512-5khscbd3SwWMhFqylJBLQ0zIu7c1K6Vz0uBIt915BI3zV0q1nfjRQD3RqSBcPaO6PHEF4ov/t9y89fSiyThlPA==",
      "dev": true
    },
    "node_modules/@types/range-parser": {
      "version": "1.2.7",
      "resolved": "https://registry.npmjs.org/@types/range-parser/-/range-parser-1.2.7.tgz",
      "integrity": "sha512-hKormJbkJqzQGhziax5PItDUTMAM9uE2XXQmM37dyd4hVM+5aVl7oVxMVUiVQn2oCQFN/LKCZdvSM0pFRqbSmQ==",
      "dev": true
    },
    "node_modules/@types/react": {
      "version": "18.2.74",
      "resolved": "https://registry.npmjs.org/@types/react/-/react-18.2.74.tgz",
      "integrity": "sha512-9AEqNZZyBx8OdZpxzQlaFEVCSFUM2YXJH46yPOiOpm078k6ZLOCcuAzGum/zK8YBwY+dbahVNbHrbgrAwIRlqw==",
      "dev": true,
      "dependencies": {
        "@types/prop-types": "*",
        "csstype": "^3.0.2"
      }
    },
    "node_modules/@types/react-bootstrap": {
      "version": "0.32.35",
      "resolved": "https://registry.npmjs.org/@types/react-bootstrap/-/react-bootstrap-0.32.35.tgz",
      "integrity": "sha512-NI5oZZSo0Z+MEELS2X8f4PzIK3GPxNeRsv/q8KREEeCvFxK33+8izMB4Uchy7EuxE1V9Ed4+0dc0T5dtWzOogA==",
      "dev": true,
      "dependencies": {
        "@types/react": "*"
      }
    },
    "node_modules/@types/react-dom": {
      "version": "18.2.23",
      "resolved": "https://registry.npmjs.org/@types/react-dom/-/react-dom-18.2.23.tgz",
      "integrity": "sha512-ZQ71wgGOTmDYpnav2knkjr3qXdAFu0vsk8Ci5w3pGAIdj7/kKAyn+VsQDhXsmzzzepAiI9leWMmubXz690AI/A==",
      "dev": true,
      "dependencies": {
        "@types/react": "*"
      }
    },
    "node_modules/@types/react-syntax-highlighter": {
      "version": "15.5.11",
      "resolved": "https://registry.npmjs.org/@types/react-syntax-highlighter/-/react-syntax-highlighter-15.5.11.tgz",
      "integrity": "sha512-ZqIJl+Pg8kD+47kxUjvrlElrraSUrYa4h0dauY/U/FTUuprSCqvUj+9PNQNQzVc6AJgIWUUxn87/gqsMHNbRjw==",
      "dev": true,
      "dependencies": {
        "@types/react": "*"
      }
    },
    "node_modules/@types/send": {
      "version": "0.17.4",
      "resolved": "https://registry.npmjs.org/@types/send/-/send-0.17.4.tgz",
      "integrity": "sha512-x2EM6TJOybec7c52BX0ZspPodMsQUd5L6PRwOunVyVUhXiBSKf3AezDL8Dgvgt5o0UfKNfuA0eMLr2wLT4AiBA==",
      "dev": true,
      "dependencies": {
        "@types/mime": "^1",
        "@types/node": "*"
      }
    },
    "node_modules/@types/serve-static": {
      "version": "1.15.5",
      "resolved": "https://registry.npmjs.org/@types/serve-static/-/serve-static-1.15.5.tgz",
      "integrity": "sha512-PDRk21MnK70hja/YF8AHfC7yIsiQHn1rcXx7ijCFBX/k+XQJhQT/gw3xekXKJvx+5SXaMMS8oqQy09Mzvz2TuQ==",
      "dev": true,
      "dependencies": {
        "@types/http-errors": "*",
        "@types/mime": "*",
        "@types/node": "*"
      }
    },
    "node_modules/@types/vary": {
      "version": "1.1.3",
      "resolved": "https://registry.npmjs.org/@types/vary/-/vary-1.1.3.tgz",
      "integrity": "sha512-XJT8/ZQCL7NUut9QDLf6l24JfAEl7bnNdgxfj50cHIpEPRJLHHDDFOAq6i+GsEmeFfH7NamhBE4c4Thtb2egWg==",
      "dev": true,
      "dependencies": {
        "@types/node": "*"
      }
    },
    "node_modules/csstype": {
      "version": "3.1.3",
      "resolved": "https://registry.npmjs.org/csstype/-/csstype-3.1.3.tgz",
      "integrity": "sha512-M1uQkMl8rQK/szD0LNhtqxIPLpimGm8sOBwU7lLnCpSbTyY3yeU1Vc7l4KT5zT4s/yOxHH5O7tIuuLOCnLADRw==",
      "dev": true
    },
    "node_modules/types-registry": {
      "version": "0.1.684",
      "resolved": "https://registry.npmjs.org/types-registry/-/types-registry-0.1.684.tgz",
      "integrity": "sha512-B6v+g9M+7IJSc1w2THOmTuRKvd/ACxZTGXM18E8MzpHWx1mGUvGGT+RXsSnxNpyqtbjWLeXj8uyyu/MxVOS3xw=="
    },
    "node_modules/undici-types": {
      "version": "5.26.5",
      "resolved": "https://registry.npmjs.org/undici-types/-/undici-types-5.26.5.tgz",
      "integrity": "sha512-JlCMO+ehdEIKqlFxk6IfVoAUVmgz7cU7zD/h9XZ0qzeosSHmUJVOzSQvvYSYWXkFXC+IfLKSIffhv0sVZup6pA==",
      "dev": true
    }
  }
}
